// !$*UTF8*$!
{
	archiveVersion = 1;
	classes = {
	};
	objectVersion = 52;
	objects = {

/* Begin PBXBuildFile section */
		9533D2F92501057D00FDFAAB /* UIViewController+ChildViewController.swift in Sources */ = {isa = PBXBuildFile; fileRef = 9533D2F82501057D00FDFAAB /* UIViewController+ChildViewController.swift */; };
		9536C32725024DDA0094EDC3 /* NumberFormatter+BeerPriceFormatter.swift in Sources */ = {isa = PBXBuildFile; fileRef = 9536C32625024DDA0094EDC3 /* NumberFormatter+BeerPriceFormatter.swift */; };
		95B499862500C1A500333C7A /* AppDelegate.swift in Sources */ = {isa = PBXBuildFile; fileRef = 95B499852500C1A500333C7A /* AppDelegate.swift */; };
		95B499882500C1A500333C7A /* SceneDelegate.swift in Sources */ = {isa = PBXBuildFile; fileRef = 95B499872500C1A500333C7A /* SceneDelegate.swift */; };
		95B4998F2500C1A600333C7A /* Assets.xcassets in Resources */ = {isa = PBXBuildFile; fileRef = 95B4998E2500C1A600333C7A /* Assets.xcassets */; };
		95B499922500C1A600333C7A /* LaunchScreen.storyboard in Resources */ = {isa = PBXBuildFile; fileRef = 95B499902500C1A600333C7A /* LaunchScreen.storyboard */; };
		95B4999A2500C1FC00333C7A /* Beverage.swift in Sources */ = {isa = PBXBuildFile; fileRef = 95B499992500C1FC00333C7A /* Beverage.swift */; };
		95B4999E2500C28100333C7A /* Networker.swift in Sources */ = {isa = PBXBuildFile; fileRef = 95B4999D2500C28100333C7A /* Networker.swift */; };
		95B499A02500C2A700333C7A /* URLRequestFactory.swift in Sources */ = {isa = PBXBuildFile; fileRef = 95B4999F2500C2A700333C7A /* URLRequestFactory.swift */; };
		95B499A22500C2D000333C7A /* HTTPMethod.swift in Sources */ = {isa = PBXBuildFile; fileRef = 95B499A12500C2D000333C7A /* HTTPMethod.swift */; };
		95B499A42500C4EB00333C7A /* BeverageStore.swift in Sources */ = {isa = PBXBuildFile; fileRef = 95B499A32500C4EB00333C7A /* BeverageStore.swift */; };
		95B499AD2500C91D00333C7A /* UIView+Extensions.swift in Sources */ = {isa = PBXBuildFile; fileRef = 95B499AC2500C91D00333C7A /* UIView+Extensions.swift */; };
		95B499B22500D11D00333C7A /* UIViewController+UIAlertController.swift in Sources */ = {isa = PBXBuildFile; fileRef = 95B499B12500D11D00333C7A /* UIViewController+UIAlertController.swift */; };
		95B499B42500DEC100333C7A /* BeverageDetailLabel.swift in Sources */ = {isa = PBXBuildFile; fileRef = 95B499B32500DEC100333C7A /* BeverageDetailLabel.swift */; };
		95B499B62500E1C300333C7A /* BeverageStackView.swift in Sources */ = {isa = PBXBuildFile; fileRef = 95B499B52500E1C300333C7A /* BeverageStackView.swift */; };
		95B499B92500E4BC00333C7A /* Nuke in Frameworks */ = {isa = PBXBuildFile; productRef = 95B499B82500E4BC00333C7A /* Nuke */; };
		95B499BB2500E5E500333C7A /* Nuke+LoadingOptions.swift in Sources */ = {isa = PBXBuildFile; fileRef = 95B499BA2500E5E500333C7A /* Nuke+LoadingOptions.swift */; };
		95B499BF2500F40900333C7A /* BottleCell.swift in Sources */ = {isa = PBXBuildFile; fileRef = 95B499BE2500F40900333C7A /* BottleCell.swift */; };
		95B499C32500F48B00333C7A /* BottleCollectionView.swift in Sources */ = {isa = PBXBuildFile; fileRef = 95B499C22500F48B00333C7A /* BottleCollectionView.swift */; };
		95D0E23C2506403E00AE825E /* UIColor+CustomBackgroundColor.swift in Sources */ = {isa = PBXBuildFile; fileRef = 95D0E23B2506403E00AE825E /* UIColor+CustomBackgroundColor.swift */; };
		95FB5A9C250273C900AF113D /* BeverageCollectionViewController.swift in Sources */ = {isa = PBXBuildFile; fileRef = 95FB5A9B250273C900AF113D /* BeverageCollectionViewController.swift */; };
		95FB5A9E250276AC00AF113D /* DetailCell.swift in Sources */ = {isa = PBXBuildFile; fileRef = 95FB5A9D250276AC00AF113D /* DetailCell.swift */; };
		95FB5AA025027B6400AF113D /* ButtonView.swift in Sources */ = {isa = PBXBuildFile; fileRef = 95FB5A9F25027B6400AF113D /* ButtonView.swift */; };
/* End PBXBuildFile section */

/* Begin PBXFileReference section */
		9533D2F82501057D00FDFAAB /* UIViewController+ChildViewController.swift */ = {isa = PBXFileReference; lastKnownFileType = sourcecode.swift; path = "UIViewController+ChildViewController.swift"; sourceTree = "<group>"; };
		9536C32625024DDA0094EDC3 /* NumberFormatter+BeerPriceFormatter.swift */ = {isa = PBXFileReference; lastKnownFileType = sourcecode.swift; path = "NumberFormatter+BeerPriceFormatter.swift"; sourceTree = "<group>"; };
		95B499822500C1A500333C7A /* BottleViewer.app */ = {isa = PBXFileReference; explicitFileType = wrapper.application; includeInIndex = 0; path = BottleViewer.app; sourceTree = BUILT_PRODUCTS_DIR; };
		95B499852500C1A500333C7A /* AppDelegate.swift */ = {isa = PBXFileReference; lastKnownFileType = sourcecode.swift; path = AppDelegate.swift; sourceTree = "<group>"; };
		95B499872500C1A500333C7A /* SceneDelegate.swift */ = {isa = PBXFileReference; lastKnownFileType = sourcecode.swift; path = SceneDelegate.swift; sourceTree = "<group>"; };
		95B4998E2500C1A600333C7A /* Assets.xcassets */ = {isa = PBXFileReference; lastKnownFileType = folder.assetcatalog; path = Assets.xcassets; sourceTree = "<group>"; };
		95B499912500C1A600333C7A /* Base */ = {isa = PBXFileReference; lastKnownFileType = file.storyboard; name = Base; path = Base.lproj/LaunchScreen.storyboard; sourceTree = "<group>"; };
		95B499932500C1A600333C7A /* Info.plist */ = {isa = PBXFileReference; lastKnownFileType = text.plist.xml; path = Info.plist; sourceTree = "<group>"; };
		95B499992500C1FC00333C7A /* Beverage.swift */ = {isa = PBXFileReference; lastKnownFileType = sourcecode.swift; path = Beverage.swift; sourceTree = "<group>"; };
		95B4999D2500C28100333C7A /* Networker.swift */ = {isa = PBXFileReference; lastKnownFileType = sourcecode.swift; path = Networker.swift; sourceTree = "<group>"; };
		95B4999F2500C2A700333C7A /* URLRequestFactory.swift */ = {isa = PBXFileReference; lastKnownFileType = sourcecode.swift; path = URLRequestFactory.swift; sourceTree = "<group>"; };
		95B499A12500C2D000333C7A /* HTTPMethod.swift */ = {isa = PBXFileReference; lastKnownFileType = sourcecode.swift; path = HTTPMethod.swift; sourceTree = "<group>"; };
		95B499A32500C4EB00333C7A /* BeverageStore.swift */ = {isa = PBXFileReference; lastKnownFileType = sourcecode.swift; path = BeverageStore.swift; sourceTree = "<group>"; };
		95B499AC2500C91D00333C7A /* UIView+Extensions.swift */ = {isa = PBXFileReference; lastKnownFileType = sourcecode.swift; path = "UIView+Extensions.swift"; sourceTree = "<group>"; };
		95B499B12500D11D00333C7A /* UIViewController+UIAlertController.swift */ = {isa = PBXFileReference; lastKnownFileType = sourcecode.swift; path = "UIViewController+UIAlertController.swift"; sourceTree = "<group>"; };
		95B499B32500DEC100333C7A /* BeverageDetailLabel.swift */ = {isa = PBXFileReference; lastKnownFileType = sourcecode.swift; path = BeverageDetailLabel.swift; sourceTree = "<group>"; };
		95B499B52500E1C300333C7A /* BeverageStackView.swift */ = {isa = PBXFileReference; lastKnownFileType = sourcecode.swift; path = BeverageStackView.swift; sourceTree = "<group>"; };
		95B499BA2500E5E500333C7A /* Nuke+LoadingOptions.swift */ = {isa = PBXFileReference; lastKnownFileType = sourcecode.swift; path = "Nuke+LoadingOptions.swift"; sourceTree = "<group>"; };
		95B499BE2500F40900333C7A /* BottleCell.swift */ = {isa = PBXFileReference; lastKnownFileType = sourcecode.swift; path = BottleCell.swift; sourceTree = "<group>"; };
		95B499C22500F48B00333C7A /* BottleCollectionView.swift */ = {isa = PBXFileReference; fileEncoding = 4; lastKnownFileType = sourcecode.swift; path = BottleCollectionView.swift; sourceTree = "<group>"; };
		95D0E23B2506403E00AE825E /* UIColor+CustomBackgroundColor.swift */ = {isa = PBXFileReference; lastKnownFileType = sourcecode.swift; path = "UIColor+CustomBackgroundColor.swift"; sourceTree = "<group>"; };
		95FB5A9B250273C900AF113D /* BeverageCollectionViewController.swift */ = {isa = PBXFileReference; lastKnownFileType = sourcecode.swift; path = BeverageCollectionViewController.swift; sourceTree = "<group>"; };
		95FB5A9D250276AC00AF113D /* DetailCell.swift */ = {isa = PBXFileReference; lastKnownFileType = sourcecode.swift; path = DetailCell.swift; sourceTree = "<group>"; };
		95FB5A9F25027B6400AF113D /* ButtonView.swift */ = {isa = PBXFileReference; lastKnownFileType = sourcecode.swift; path = ButtonView.swift; sourceTree = "<group>"; };
/* End PBXFileReference section */

/* Begin PBXFrameworksBuildPhase section */
		95B4997F2500C1A500333C7A /* Frameworks */ = {
			isa = PBXFrameworksBuildPhase;
			buildActionMask = 2147483647;
			files = (
				95B499B92500E4BC00333C7A /* Nuke in Frameworks */,
			);
			runOnlyForDeploymentPostprocessing = 0;
		};
/* End PBXFrameworksBuildPhase section */

/* Begin PBXGroup section */
		95B499792500C1A500333C7A = {
			isa = PBXGroup;
			children = (
				95B499842500C1A500333C7A /* BottleViewer */,
				95B499832500C1A500333C7A /* Products */,
			);
			sourceTree = "<group>";
		};
		95B499832500C1A500333C7A /* Products */ = {
			isa = PBXGroup;
			children = (
				95B499822500C1A500333C7A /* BottleViewer.app */,
			);
			name = Products;
			sourceTree = "<group>";
		};
		95B499842500C1A500333C7A /* BottleViewer */ = {
			isa = PBXGroup;
			children = (
				95B499852500C1A500333C7A /* AppDelegate.swift */,
				95B499872500C1A500333C7A /* SceneDelegate.swift */,
				95B499A82500C87100333C7A /* ViewControllers */,
				95B499AB2500C8D000333C7A /* Reusable Views */,
				95B499A62500C84100333C7A /* Model */,
				95B499A52500C83900333C7A /* Networking */,
				95B499AE2500C92B00333C7A /* Extensions */,
				95B499A72500C84B00333C7A /* Supporting FIles */,
			);
			path = BottleViewer;
			sourceTree = "<group>";
		};
		95B499A52500C83900333C7A /* Networking */ = {
			isa = PBXGroup;
			children = (
				95B4999D2500C28100333C7A /* Networker.swift */,
				95B4999F2500C2A700333C7A /* URLRequestFactory.swift */,
				95B499A12500C2D000333C7A /* HTTPMethod.swift */,
			);
			path = Networking;
			sourceTree = "<group>";
		};
		95B499A62500C84100333C7A /* Model */ = {
			isa = PBXGroup;
			children = (
				95B499A32500C4EB00333C7A /* BeverageStore.swift */,
				95B499992500C1FC00333C7A /* Beverage.swift */,
			);
			path = Model;
			sourceTree = "<group>";
		};
		95B499A72500C84B00333C7A /* Supporting FIles */ = {
			isa = PBXGroup;
			children = (
				95B4998E2500C1A600333C7A /* Assets.xcassets */,
				95B499902500C1A600333C7A /* LaunchScreen.storyboard */,
				95B499932500C1A600333C7A /* Info.plist */,
			);
			path = "Supporting FIles";
			sourceTree = "<group>";
		};
		95B499A82500C87100333C7A /* ViewControllers */ = {
			isa = PBXGroup;
			children = (
				95FB5A9B250273C900AF113D /* BeverageCollectionViewController.swift */,
			);
			path = ViewControllers;
			sourceTree = "<group>";
		};
		95B499AB2500C8D000333C7A /* Reusable Views */ = {
			isa = PBXGroup;
			children = (
				95B499C12500F46000333C7A /* Collection View */,
				95B499B32500DEC100333C7A /* BeverageDetailLabel.swift */,
				95B499B52500E1C300333C7A /* BeverageStackView.swift */,
				95FB5A9F25027B6400AF113D /* ButtonView.swift */,
			);
			path = "Reusable Views";
			sourceTree = "<group>";
		};
		95B499AE2500C92B00333C7A /* Extensions */ = {
			isa = PBXGroup;
			children = (
				95B499AC2500C91D00333C7A /* UIView+Extensions.swift */,
				95B499B12500D11D00333C7A /* UIViewController+UIAlertController.swift */,
				95B499BA2500E5E500333C7A /* Nuke+LoadingOptions.swift */,
				9533D2F82501057D00FDFAAB /* UIViewController+ChildViewController.swift */,
				9536C32625024DDA0094EDC3 /* NumberFormatter+BeerPriceFormatter.swift */,
				95D0E23B2506403E00AE825E /* UIColor+CustomBackgroundColor.swift */,
			);
			path = Extensions;
			sourceTree = "<group>";
		};
		95B499C12500F46000333C7A /* Collection View */ = {
			isa = PBXGroup;
			children = (
				95B499C22500F48B00333C7A /* BottleCollectionView.swift */,
				95B499BE2500F40900333C7A /* BottleCell.swift */,
				95FB5A9D250276AC00AF113D /* DetailCell.swift */,
			);
			path = "Collection View";
			sourceTree = "<group>";
		};
/* End PBXGroup section */

/* Begin PBXNativeTarget section */
		95B499812500C1A500333C7A /* BottleViewer */ = {
			isa = PBXNativeTarget;
			buildConfigurationList = 95B499962500C1A600333C7A /* Build configuration list for PBXNativeTarget "BottleViewer" */;
			buildPhases = (
				95B4997E2500C1A500333C7A /* Sources */,
				95B4997F2500C1A500333C7A /* Frameworks */,
				95B499802500C1A500333C7A /* Resources */,
			);
			buildRules = (
			);
			dependencies = (
			);
			name = BottleViewer;
			packageProductDependencies = (
				95B499B82500E4BC00333C7A /* Nuke */,
			);
			productName = BottleViewer;
			productReference = 95B499822500C1A500333C7A /* BottleViewer.app */;
			productType = "com.apple.product-type.application";
		};
/* End PBXNativeTarget section */

/* Begin PBXProject section */
		95B4997A2500C1A500333C7A /* Project object */ = {
			isa = PBXProject;
			attributes = {
				LastSwiftUpdateCheck = 1200;
				LastUpgradeCheck = 1200;
				TargetAttributes = {
					95B499812500C1A500333C7A = {
						CreatedOnToolsVersion = 12.0;
					};
				};
			};
			buildConfigurationList = 95B4997D2500C1A500333C7A /* Build configuration list for PBXProject "BottleViewer" */;
			compatibilityVersion = "Xcode 9.3";
			developmentRegion = en;
			hasScannedForEncodings = 0;
			knownRegions = (
				en,
				Base,
			);
			mainGroup = 95B499792500C1A500333C7A;
			packageReferences = (
				95B499B72500E4BC00333C7A /* XCRemoteSwiftPackageReference "Nuke" */,
			);
			productRefGroup = 95B499832500C1A500333C7A /* Products */;
			projectDirPath = "";
			projectRoot = "";
			targets = (
				95B499812500C1A500333C7A /* BottleViewer */,
			);
		};
/* End PBXProject section */

/* Begin PBXResourcesBuildPhase section */
		95B499802500C1A500333C7A /* Resources */ = {
			isa = PBXResourcesBuildPhase;
			buildActionMask = 2147483647;
			files = (
				95B499922500C1A600333C7A /* LaunchScreen.storyboard in Resources */,
				95B4998F2500C1A600333C7A /* Assets.xcassets in Resources */,
			);
			runOnlyForDeploymentPostprocessing = 0;
		};
/* End PBXResourcesBuildPhase section */

/* Begin PBXSourcesBuildPhase section */
		95B4997E2500C1A500333C7A /* Sources */ = {
			isa = PBXSourcesBuildPhase;
			buildActionMask = 2147483647;
			files = (
				95B4999E2500C28100333C7A /* Networker.swift in Sources */,
				95B499BF2500F40900333C7A /* BottleCell.swift in Sources */,
				95FB5A9E250276AC00AF113D /* DetailCell.swift in Sources */,
				95B499AD2500C91D00333C7A /* UIView+Extensions.swift in Sources */,
				95B499A22500C2D000333C7A /* HTTPMethod.swift in Sources */,
				95B499862500C1A500333C7A /* AppDelegate.swift in Sources */,
				95B499A42500C4EB00333C7A /* BeverageStore.swift in Sources */,
				95B4999A2500C1FC00333C7A /* Beverage.swift in Sources */,
				95B499C32500F48B00333C7A /* BottleCollectionView.swift in Sources */,
				95B499B42500DEC100333C7A /* BeverageDetailLabel.swift in Sources */,
				9533D2F92501057D00FDFAAB /* UIViewController+ChildViewController.swift in Sources */,
				95FB5A9C250273C900AF113D /* BeverageCollectionViewController.swift in Sources */,
				95B499B62500E1C300333C7A /* BeverageStackView.swift in Sources */,
				95B499B22500D11D00333C7A /* UIViewController+UIAlertController.swift in Sources */,
				95B499A02500C2A700333C7A /* URLRequestFactory.swift in Sources */,
				9536C32725024DDA0094EDC3 /* NumberFormatter+BeerPriceFormatter.swift in Sources */,
				95D0E23C2506403E00AE825E /* UIColor+CustomBackgroundColor.swift in Sources */,
				95FB5AA025027B6400AF113D /* ButtonView.swift in Sources */,
				95B499BB2500E5E500333C7A /* Nuke+LoadingOptions.swift in Sources */,
				95B499882500C1A500333C7A /* SceneDelegate.swift in Sources */,
			);
			runOnlyForDeploymentPostprocessing = 0;
		};
/* End PBXSourcesBuildPhase section */

/* Begin PBXVariantGroup section */
		95B499902500C1A600333C7A /* LaunchScreen.storyboard */ = {
			isa = PBXVariantGroup;
			children = (
				95B499912500C1A600333C7A /* Base */,
			);
			name = LaunchScreen.storyboard;
			sourceTree = "<group>";
		};
/* End PBXVariantGroup section */

/* Begin XCBuildConfiguration section */
		95B499942500C1A600333C7A /* Debug */ = {
			isa = XCBuildConfiguration;
			buildSettings = {
				ALWAYS_SEARCH_USER_PATHS = NO;
				CLANG_ANALYZER_NONNULL = YES;
				CLANG_ANALYZER_NUMBER_OBJECT_CONVERSION = YES_AGGRESSIVE;
				CLANG_CXX_LANGUAGE_STANDARD = "gnu++14";
				CLANG_CXX_LIBRARY = "libc++";
				CLANG_ENABLE_MODULES = YES;
				CLANG_ENABLE_OBJC_ARC = YES;
				CLANG_ENABLE_OBJC_WEAK = YES;
				CLANG_WARN_BLOCK_CAPTURE_AUTORELEASING = YES;
				CLANG_WARN_BOOL_CONVERSION = YES;
				CLANG_WARN_COMMA = YES;
				CLANG_WARN_CONSTANT_CONVERSION = YES;
				CLANG_WARN_DEPRECATED_OBJC_IMPLEMENTATIONS = YES;
				CLANG_WARN_DIRECT_OBJC_ISA_USAGE = YES_ERROR;
				CLANG_WARN_DOCUMENTATION_COMMENTS = YES;
				CLANG_WARN_EMPTY_BODY = YES;
				CLANG_WARN_ENUM_CONVERSION = YES;
				CLANG_WARN_INFINITE_RECURSION = YES;
				CLANG_WARN_INT_CONVERSION = YES;
				CLANG_WARN_NON_LITERAL_NULL_CONVERSION = YES;
				CLANG_WARN_OBJC_IMPLICIT_RETAIN_SELF = YES;
				CLANG_WARN_OBJC_LITERAL_CONVERSION = YES;
				CLANG_WARN_OBJC_ROOT_CLASS = YES_ERROR;
				CLANG_WARN_QUOTED_INCLUDE_IN_FRAMEWORK_HEADER = YES;
				CLANG_WARN_RANGE_LOOP_ANALYSIS = YES;
				CLANG_WARN_STRICT_PROTOTYPES = YES;
				CLANG_WARN_SUSPICIOUS_MOVE = YES;
				CLANG_WARN_UNGUARDED_AVAILABILITY = YES_AGGRESSIVE;
				CLANG_WARN_UNREACHABLE_CODE = YES;
				CLANG_WARN__DUPLICATE_METHOD_MATCH = YES;
				COPY_PHASE_STRIP = NO;
				DEBUG_INFORMATION_FORMAT = dwarf;
				ENABLE_STRICT_OBJC_MSGSEND = YES;
				ENABLE_TESTABILITY = YES;
				GCC_C_LANGUAGE_STANDARD = gnu11;
				GCC_DYNAMIC_NO_PIC = NO;
				GCC_NO_COMMON_BLOCKS = YES;
				GCC_OPTIMIZATION_LEVEL = 0;
				GCC_PREPROCESSOR_DEFINITIONS = (
					"DEBUG=1",
					"$(inherited)",
				);
				GCC_WARN_64_TO_32_BIT_CONVERSION = YES;
				GCC_WARN_ABOUT_RETURN_TYPE = YES_ERROR;
				GCC_WARN_UNDECLARED_SELECTOR = YES;
				GCC_WARN_UNINITIALIZED_AUTOS = YES_AGGRESSIVE;
				GCC_WARN_UNUSED_FUNCTION = YES;
				GCC_WARN_UNUSED_VARIABLE = YES;
				IPHONEOS_DEPLOYMENT_TARGET = 14.0;
				MTL_ENABLE_DEBUG_INFO = INCLUDE_SOURCE;
				MTL_FAST_MATH = YES;
				ONLY_ACTIVE_ARCH = YES;
				SDKROOT = iphoneos;
				SWIFT_ACTIVE_COMPILATION_CONDITIONS = DEBUG;
				SWIFT_OPTIMIZATION_LEVEL = "-Onone";
			};
			name = Debug;
		};
		95B499952500C1A600333C7A /* Release */ = {
			isa = XCBuildConfiguration;
			buildSettings = {
				ALWAYS_SEARCH_USER_PATHS = NO;
				CLANG_ANALYZER_NONNULL = YES;
				CLANG_ANALYZER_NUMBER_OBJECT_CONVERSION = YES_AGGRESSIVE;
				CLANG_CXX_LANGUAGE_STANDARD = "gnu++14";
				CLANG_CXX_LIBRARY = "libc++";
				CLANG_ENABLE_MODULES = YES;
				CLANG_ENABLE_OBJC_ARC = YES;
				CLANG_ENABLE_OBJC_WEAK = YES;
				CLANG_WARN_BLOCK_CAPTURE_AUTORELEASING = YES;
				CLANG_WARN_BOOL_CONVERSION = YES;
				CLANG_WARN_COMMA = YES;
				CLANG_WARN_CONSTANT_CONVERSION = YES;
				CLANG_WARN_DEPRECATED_OBJC_IMPLEMENTATIONS = YES;
				CLANG_WARN_DIRECT_OBJC_ISA_USAGE = YES_ERROR;
				CLANG_WARN_DOCUMENTATION_COMMENTS = YES;
				CLANG_WARN_EMPTY_BODY = YES;
				CLANG_WARN_ENUM_CONVERSION = YES;
				CLANG_WARN_INFINITE_RECURSION = YES;
				CLANG_WARN_INT_CONVERSION = YES;
				CLANG_WARN_NON_LITERAL_NULL_CONVERSION = YES;
				CLANG_WARN_OBJC_IMPLICIT_RETAIN_SELF = YES;
				CLANG_WARN_OBJC_LITERAL_CONVERSION = YES;
				CLANG_WARN_OBJC_ROOT_CLASS = YES_ERROR;
				CLANG_WARN_QUOTED_INCLUDE_IN_FRAMEWORK_HEADER = YES;
				CLANG_WARN_RANGE_LOOP_ANALYSIS = YES;
				CLANG_WARN_STRICT_PROTOTYPES = YES;
				CLANG_WARN_SUSPICIOUS_MOVE = YES;
				CLANG_WARN_UNGUARDED_AVAILABILITY = YES_AGGRESSIVE;
				CLANG_WARN_UNREACHABLE_CODE = YES;
				CLANG_WARN__DUPLICATE_METHOD_MATCH = YES;
				COPY_PHASE_STRIP = NO;
				DEBUG_INFORMATION_FORMAT = "dwarf-with-dsym";
				ENABLE_NS_ASSERTIONS = NO;
				ENABLE_STRICT_OBJC_MSGSEND = YES;
				GCC_C_LANGUAGE_STANDARD = gnu11;
				GCC_NO_COMMON_BLOCKS = YES;
				GCC_WARN_64_TO_32_BIT_CONVERSION = YES;
				GCC_WARN_ABOUT_RETURN_TYPE = YES_ERROR;
				GCC_WARN_UNDECLARED_SELECTOR = YES;
				GCC_WARN_UNINITIALIZED_AUTOS = YES_AGGRESSIVE;
				GCC_WARN_UNUSED_FUNCTION = YES;
				GCC_WARN_UNUSED_VARIABLE = YES;
				IPHONEOS_DEPLOYMENT_TARGET = 14.0;
				MTL_ENABLE_DEBUG_INFO = NO;
				MTL_FAST_MATH = YES;
				SDKROOT = iphoneos;
				SWIFT_COMPILATION_MODE = wholemodule;
				SWIFT_OPTIMIZATION_LEVEL = "-O";
				VALIDATE_PRODUCT = YES;
			};
			name = Release;
		};
		95B499972500C1A600333C7A /* Debug */ = {
			isa = XCBuildConfiguration;
			buildSettings = {
				ASSETCATALOG_COMPILER_APPICON_NAME = AppIcon;
				ASSETCATALOG_COMPILER_GLOBAL_ACCENT_COLOR_NAME = AccentColor;
				CODE_SIGN_STYLE = Automatic;
				DEVELOPMENT_TEAM = DEYT8Z7L38;
				INFOPLIST_FILE = "BottleViewer/Supporting Files/Info.plist";
				IPHONEOS_DEPLOYMENT_TARGET = 13.0;
				LD_RUNPATH_SEARCH_PATHS = (
					"$(inherited)",
					"@executable_path/Frameworks",
				);
				PRODUCT_BUNDLE_IDENTIFIER = me.dennisParussini.BottleViewer;
				PRODUCT_NAME = "$(TARGET_NAME)";
				SWIFT_VERSION = 5.0;
				TARGETED_DEVICE_FAMILY = "1,2";
			};
			name = Debug;
		};
		95B499982500C1A600333C7A /* Release */ = {
			isa = XCBuildConfiguration;
			buildSettings = {
				ASSETCATALOG_COMPILER_APPICON_NAME = AppIcon;
				ASSETCATALOG_COMPILER_GLOBAL_ACCENT_COLOR_NAME = AccentColor;
				CODE_SIGN_STYLE = Automatic;
				DEVELOPMENT_TEAM = DEYT8Z7L38;
				INFOPLIST_FILE = "BottleViewer/Supporting Files/Info.plist";
				IPHONEOS_DEPLOYMENT_TARGET = 13.0;
				LD_RUNPATH_SEARCH_PATHS = (
					"$(inherited)",
					"@executable_path/Frameworks",
				);
				PRODUCT_BUNDLE_IDENTIFIER = me.dennisParussini.BottleViewer;
				PRODUCT_NAME = "$(TARGET_NAME)";
				SWIFT_VERSION = 5.0;
				TARGETED_DEVICE_FAMILY = "1,2";
			};
			name = Release;
		};
/* End XCBuildConfiguration section */

/* Begin XCConfigurationList section */
		95B4997D2500C1A500333C7A /* Build configuration list for PBXProject "BottleViewer" */ = {
			isa = XCConfigurationList;
			buildConfigurations = (
				95B499942500C1A600333C7A /* Debug */,
				95B499952500C1A600333C7A /* Release */,
			);
			defaultConfigurationIsVisible = 0;
			defaultConfigurationName = Release;
		};
		95B499962500C1A600333C7A /* Build configuration list for PBXNativeTarget "BottleViewer" */ = {
			isa = XCConfigurationList;
			buildConfigurations = (
				95B499972500C1A600333C7A /* Debug */,
				95B499982500C1A600333C7A /* Release */,
			);
			defaultConfigurationIsVisible = 0;
			defaultConfigurationName = Release;
		};
/* End XCConfigurationList section */

/* Begin XCRemoteSwiftPackageReference section */
		95B499B72500E4BC00333C7A /* XCRemoteSwiftPackageReference "Nuke" */ = {
			isa = XCRemoteSwiftPackageReference;
			repositoryURL = "https://github.com/kean/Nuke.git";
			requirement = {
				kind = upToNextMajorVersion;
				minimumVersion = 9.1.2;
			};
		};
/* End XCRemoteSwiftPackageReference section */

/* Begin XCSwiftPackageProductDependency section */
		95B499B82500E4BC00333C7A /* Nuke */ = {
			isa = XCSwiftPackageProductDependency;
			package = 95B499B72500E4BC00333C7A /* XCRemoteSwiftPackageReference "Nuke" */;
			productName = Nuke;
		};
/* End XCSwiftPackageProductDependency section */
	};
	rootObject = 95B4997A2500C1A500333C7A /* Project object */;
}
